{
    "_readme": [
        "This file locks the dependencies of your project to a known state",
        "Read more about it at https://getcomposer.org/doc/01-basic-usage.md#installing-dependencies",
        "This file is @generated automatically"
    ],
    "content-hash": "22a01d4526448f3de09ce13dd29f5d22",
    "packages": [
        {
            "name": "getkirby/composer-installer",
            "version": "1.2.0",
            "source": {
                "type": "git",
                "url": "https://github.com/getkirby/composer-installer.git",
                "reference": "240a8b2c275d61b66601feb58222b7d34bc6cf1e"
            },
            "dist": {
                "type": "zip",
                "url": "https://api.github.com/repos/getkirby/composer-installer/zipball/240a8b2c275d61b66601feb58222b7d34bc6cf1e",
                "reference": "240a8b2c275d61b66601feb58222b7d34bc6cf1e",
                "shasum": ""
            },
            "require": {
                "composer-plugin-api": "^1.0 || ^2.0"
            },
            "require-dev": {
                "composer/composer": "^1.8 || 2.0.*@dev",
                "phpunit/phpunit": "^7.0"
            },
            "type": "composer-plugin",
            "extra": {
                "class": "Kirby\\ComposerInstaller\\Plugin"
            },
            "autoload": {
                "psr-4": {
                    "Kirby\\": "src/"
                }
            },
            "notification-url": "https://packagist.org/downloads/",
            "license": [
                "MIT"
            ],
            "description": "Kirby's custom Composer installer for the Kirby CMS and for Kirby plugins",
            "homepage": "https://getkirby.com",
            "time": "2020-09-13T14:43:34+00:00"
        },
        {
            "name": "indieweb/mention-client",
            "version": "1.2.0",
            "source": {
                "type": "git",
                "url": "https://github.com/indieweb/mention-client-php.git",
                "reference": "12e3dc4b3f8f9ae82fa7a3953792bea33f59118a"
            },
            "dist": {
                "type": "zip",
                "url": "https://api.github.com/repos/indieweb/mention-client-php/zipball/12e3dc4b3f8f9ae82fa7a3953792bea33f59118a",
                "reference": "12e3dc4b3f8f9ae82fa7a3953792bea33f59118a",
                "shasum": ""
            },
            "require": {
                "mf2/mf2": ">=0.2",
                "php": ">=5.4"
            },
            "require-dev": {
                "phpunit/phpunit": "4.8.*"
            },
            "type": "library",
            "autoload": {
                "psr-0": {
                    "IndieWeb": "src/"
                }
            },
            "notification-url": "https://packagist.org/downloads/",
            "license": [
                "Apache-2.0"
            ],
            "authors": [
                {
                    "name": "Aaron Parecki",
                    "email": "aaron@parecki.com",
                    "homepage": "http://aaronparecki.com/"
                }
            ],
            "description": "Client library for sending webmention and pingback notifications",
            "homepage": "https://github.com/indieweb/mention-client-php",
            "time": "2018-10-27T19:41:41+00:00"
        },
        {
            "name": "mf2/mf2",
            "version": "0.4.6",
            "source": {
                "type": "git",
                "url": "https://github.com/microformats/php-mf2.git",
                "reference": "00b70ee7eb7f5b0585b1bd467f6c9cbd75055d23"
            },
            "dist": {
                "type": "zip",
                "url": "https://api.github.com/repos/microformats/php-mf2/zipball/00b70ee7eb7f5b0585b1bd467f6c9cbd75055d23",
                "reference": "00b70ee7eb7f5b0585b1bd467f6c9cbd75055d23",
                "shasum": ""
            },
            "require": {
                "php": ">=5.4.0"
            },
            "require-dev": {
                "mf2/tests": "@dev",
                "phpdocumentor/phpdocumentor": "v2.8.4",
                "phpunit/phpunit": "4.8.*"
            },
            "suggest": {
                "barnabywalters/mf-cleaner": "To more easily handle the canonical data php-mf2 gives you",
                "masterminds/html5": "Alternative HTML parser for PHP, for better HTML5 support."
            },
            "bin": [
                "bin/fetch-mf2",
                "bin/parse-mf2"
            ],
            "type": "library",
            "autoload": {
                "files": [
                    "Mf2/Parser.php"
                ]
            },
            "notification-url": "https://packagist.org/downloads/",
            "license": [
                "CC0-1.0"
            ],
            "authors": [
                {
                    "name": "Barnaby Walters",
                    "homepage": "http://waterpigs.co.uk"
                }
            ],
            "description": "A pure, generic microformats2 parser — makes HTML as easy to consume as a JSON API",
            "keywords": [
                "html",
                "microformats",
                "microformats 2",
                "parser",
                "semantic"
            ],
            "time": "2018-08-24T14:47:04+00:00"
        }
    ],
    "packages-dev": [],
    "aliases": [],
    "minimum-stability": "stable",
    "stability-flags": [],
    "prefer-stable": false,
    "prefer-lowest": false,
    "platform": [],
    "platform-dev": [],
    "plugin-api-version": "1.1.0"
}
